// !$*UTF8*$!
{
	archiveVersion = 1;
	classes = {
	};
	objectVersion = 46;
	objects = {

/* Begin PBXBuildFile section */
		4C36B4B01D97CC8E00E61FBF /* AppDelegate.swift in Sources */ = {isa = PBXBuildFile; fileRef = 4C36B4AF1D97CC8E00E61FBF /* AppDelegate.swift */; };
		4C36B4B21D97CC8E00E61FBF /* ViewController.swift in Sources */ = {isa = PBXBuildFile; fileRef = 4C36B4B11D97CC8E00E61FBF /* ViewController.swift */; };
		4C36B4B51D97CC8E00E61FBF /* Main.storyboard in Resources */ = {isa = PBXBuildFile; fileRef = 4C36B4B31D97CC8E00E61FBF /* Main.storyboard */; };
		4C36B4B71D97CC8E00E61FBF /* Assets.xcassets in Resources */ = {isa = PBXBuildFile; fileRef = 4C36B4B61D97CC8E00E61FBF /* Assets.xcassets */; };
		4C36B4BA1D97CC8E00E61FBF /* LaunchScreen.storyboard in Resources */ = {isa = PBXBuildFile; fileRef = 4C36B4B81D97CC8E00E61FBF /* LaunchScreen.storyboard */; };
		4C36B4C51D97CC8F00E61FBF /* testCarthageTests.swift in Sources */ = {isa = PBXBuildFile; fileRef = 4C36B4C41D97CC8F00E61FBF /* testCarthageTests.swift */; };
		4C36B4D01D97CC8F00E61FBF /* testCarthageUITests.swift in Sources */ = {isa = PBXBuildFile; fileRef = 4C36B4CF1D97CC8F00E61FBF /* testCarthageUITests.swift */; };
/* End PBXBuildFile section */

/* Begin PBXContainerItemProxy section */
		4C36B4C11D97CC8F00E61FBF /* PBXContainerItemProxy */ = {
			isa = PBXContainerItemProxy;
			containerPortal = 4C36B4A41D97CC8E00E61FBF /* Project object */;
			proxyType = 1;
			remoteGlobalIDString = 4C36B4AB1D97CC8E00E61FBF;
			remoteInfo = testCarthage;
		};
		4C36B4CC1D97CC8F00E61FBF /* PBXContainerItemProxy */ = {
			isa = PBXContainerItemProxy;
			containerPortal = 4C36B4A41D97CC8E00E61FBF /* Project object */;
			proxyType = 1;
			remoteGlobalIDString = 4C36B4AB1D97CC8E00E61FBF;
			remoteInfo = testCarthage;
		};
/* End PBXContainerItemProxy section */

/* Begin PBXFileReference section */
		4C36B4AC1D97CC8E00E61FBF /* testCarthage.app */ = {isa = PBXFileReference; explicitFileType = wrapper.application; includeInIndex = 0; path = testCarthage.app; sourceTree = BUILT_PRODUCTS_DIR; };
		4C36B4AF1D97CC8E00E61FBF /* AppDelegate.swift */ = {isa = PBXFileReference; lastKnownFileType = sourcecode.swift; path = AppDelegate.swift; sourceTree = "<group>"; };
		4C36B4B11D97CC8E00E61FBF /* ViewController.swift */ = {isa = PBXFileReference; lastKnownFileType = sourcecode.swift; path = ViewController.swift; sourceTree = "<group>"; };
		4C36B4B41D97CC8E00E61FBF /* Base */ = {isa = PBXFileReference; lastKnownFileType = file.storyboard; name = Base; path = Base.lproj/Main.storyboard; sourceTree = "<group>"; };
		4C36B4B61D97CC8E00E61FBF /* Assets.xcassets */ = {isa = PBXFileReference; lastKnownFileType = folder.assetcatalog; path = Assets.xcassets; sourceTree = "<group>"; };
		4C36B4B91D97CC8E00E61FBF /* Base */ = {isa = PBXFileReference; lastKnownFileType = file.storyboard; name = Base; path = Base.lproj/LaunchScreen.storyboard; sourceTree = "<group>"; };
		4C36B4BB1D97CC8E00E61FBF /* Info.plist */ = {isa = PBXFileReference; lastKnownFileType = text.plist.xml; path = Info.plist; sourceTree = "<group>"; };
		4C36B4C01D97CC8F00E61FBF /* testCarthageTests.xctest */ = {isa = PBXFileReference; explicitFileType = wrapper.cfbundle; includeInIndex = 0; path = testCarthageTests.xctest; sourceTree = BUILT_PRODUCTS_DIR; };
		4C36B4C41D97CC8F00E61FBF /* testCarthageTests.swift */ = {isa = PBXFileReference; lastKnownFileType = sourcecode.swift; path = testCarthageTests.swift; sourceTree = "<group>"; };
		4C36B4C61D97CC8F00E61FBF /* Info.plist */ = {isa = PBXFileReference; lastKnownFileType = text.plist.xml; path = Info.plist; sourceTree = "<group>"; };
		4C36B4CB1D97CC8F00E61FBF /* testCarthageUITests.xctest */ = {isa = PBXFileReference; explicitFileType = wrapper.cfbundle; includeInIndex = 0; path = testCarthageUITests.xctest; sourceTree = BUILT_PRODUCTS_DIR; };
		4C36B4CF1D97CC8F00E61FBF /* testCarthageUITests.swift */ = {isa = PBXFileReference; lastKnownFileType = sourcecode.swift; path = testCarthageUITests.swift; sourceTree = "<group>"; };
		4C36B4D11D97CC8F00E61FBF /* Info.plist */ = {isa = PBXFileReference; lastKnownFileType = text.plist.xml; path = Info.plist; sourceTree = "<group>"; };
/* End PBXFileReference section */

/* Begin PBXFrameworksBuildPhase section */
		4C36B4A91D97CC8E00E61FBF /* Frameworks */ = {
			isa = PBXFrameworksBuildPhase;
			buildActionMask = 2147483647;
			files = (
			);
			runOnlyForDeploymentPostprocessing = 0;
		};
		4C36B4BD1D97CC8F00E61FBF /* Frameworks */ = {
			isa = PBXFrameworksBuildPhase;
			buildActionMask = 2147483647;
			files = (
			);
			runOnlyForDeploymentPostprocessing = 0;
		};
		4C36B4C81D97CC8F00E61FBF /* Frameworks */ = {
			isa = PBXFrameworksBuildPhase;
			buildActionMask = 2147483647;
			files = (
			);
			runOnlyForDeploymentPostprocessing = 0;
		};
/* End PBXFrameworksBuildPhase section */

/* Begin PBXGroup section */
		4C36B4A31D97CC8E00E61FBF = {
			isa = PBXGroup;
			children = (
				4C36B4AE1D97CC8E00E61FBF /* testCarthage */,
				4C36B4C31D97CC8F00E61FBF /* testCarthageTests */,
				4C36B4CE1D97CC8F00E61FBF /* testCarthageUITests */,
				4C36B4AD1D97CC8E00E61FBF /* Products */,
			);
			sourceTree = "<group>";
		};
		4C36B4AD1D97CC8E00E61FBF /* Products */ = {
			isa = PBXGroup;
			children = (
				4C36B4AC1D97CC8E00E61FBF /* testCarthage.app */,
				4C36B4C01D97CC8F00E61FBF /* testCarthageTests.xctest */,
				4C36B4CB1D97CC8F00E61FBF /* testCarthageUITests.xctest */,
			);
			name = Products;
			sourceTree = "<group>";
		};
		4C36B4AE1D97CC8E00E61FBF /* testCarthage */ = {
			isa = PBXGroup;
			children = (
				4C36B4AF1D97CC8E00E61FBF /* AppDelegate.swift */,
				4C36B4B11D97CC8E00E61FBF /* ViewController.swift */,
				4C36B4B31D97CC8E00E61FBF /* Main.storyboard */,
				4C36B4B61D97CC8E00E61FBF /* Assets.xcassets */,
				4C36B4B81D97CC8E00E61FBF /* LaunchScreen.storyboard */,
				4C36B4BB1D97CC8E00E61FBF /* Info.plist */,
			);
			path = testCarthage;
			sourceTree = "<group>";
		};
		4C36B4C31D97CC8F00E61FBF /* testCarthageTests */ = {
			isa = PBXGroup;
			children = (
				4C36B4C41D97CC8F00E61FBF /* testCarthageTests.swift */,
				4C36B4C61D97CC8F00E61FBF /* Info.plist */,
			);
			path = testCarthageTests;
			sourceTree = "<group>";
		};
		4C36B4CE1D97CC8F00E61FBF /* testCarthageUITests */ = {
			isa = PBXGroup;
			children = (
				4C36B4CF1D97CC8F00E61FBF /* testCarthageUITests.swift */,
				4C36B4D11D97CC8F00E61FBF /* Info.plist */,
			);
			path = testCarthageUITests;
			sourceTree = "<group>";
		};
/* End PBXGroup section */

/* Begin PBXNativeTarget section */
		4C36B4AB1D97CC8E00E61FBF /* testCarthage */ = {
			isa = PBXNativeTarget;
			buildConfigurationList = 4C36B4D41D97CC8F00E61FBF /* Build configuration list for PBXNativeTarget "testCarthage" */;
			buildPhases = (
				4C36B4A81D97CC8E00E61FBF /* Sources */,
				4C36B4A91D97CC8E00E61FBF /* Frameworks */,
				4C36B4AA1D97CC8E00E61FBF /* Resources */,
			);
			buildRules = (
			);
			dependencies = (
			);
			name = testCarthage;
			productName = testCarthage;
			productReference = 4C36B4AC1D97CC8E00E61FBF /* testCarthage.app */;
			productType = "com.apple.product-type.application";
		};
		4C36B4BF1D97CC8F00E61FBF /* testCarthageTests */ = {
			isa = PBXNativeTarget;
			buildConfigurationList = 4C36B4D71D97CC8F00E61FBF /* Build configuration list for PBXNativeTarget "testCarthageTests" */;
			buildPhases = (
				4C36B4BC1D97CC8F00E61FBF /* Sources */,
				4C36B4BD1D97CC8F00E61FBF /* Frameworks */,
				4C36B4BE1D97CC8F00E61FBF /* Resources */,
			);
			buildRules = (
			);
			dependencies = (
				4C36B4C21D97CC8F00E61FBF /* PBXTargetDependency */,
			);
			name = testCarthageTests;
			productName = testCarthageTests;
			productReference = 4C36B4C01D97CC8F00E61FBF /* testCarthageTests.xctest */;
			productType = "com.apple.product-type.bundle.unit-test";
		};
		4C36B4CA1D97CC8F00E61FBF /* testCarthageUITests */ = {
			isa = PBXNativeTarget;
			buildConfigurationList = 4C36B4DA1D97CC8F00E61FBF /* Build configuration list for PBXNativeTarget "testCarthageUITests" */;
			buildPhases = (
				4C36B4C71D97CC8F00E61FBF /* Sources */,
				4C36B4C81D97CC8F00E61FBF /* Frameworks */,
				4C36B4C91D97CC8F00E61FBF /* Resources */,
			);
			buildRules = (
			);
			dependencies = (
				4C36B4CD1D97CC8F00E61FBF /* PBXTargetDependency */,
			);
			name = testCarthageUITests;
			productName = testCarthageUITests;
			productReference = 4C36B4CB1D97CC8F00E61FBF /* testCarthageUITests.xctest */;
			productType = "com.apple.product-type.bundle.ui-testing";
		};
/* End PBXNativeTarget section */

/* Begin PBXProject section */
		4C36B4A41D97CC8E00E61FBF /* Project object */ = {
			isa = PBXProject;
			attributes = {
				LastSwiftUpdateCheck = 0800;
				LastUpgradeCheck = 0800;
				ORGANIZATIONNAME = bluekernel;
				TargetAttributes = {
					4C36B4AB1D97CC8E00E61FBF = {
						CreatedOnToolsVersion = 8.0;
						ProvisioningStyle = Automatic;
					};
					4C36B4BF1D97CC8F00E61FBF = {
						CreatedOnToolsVersion = 8.0;
						ProvisioningStyle = Automatic;
						TestTargetID = 4C36B4AB1D97CC8E00E61FBF;
					};
					4C36B4CA1D97CC8F00E61FBF = {
						CreatedOnToolsVersion = 8.0;
						ProvisioningStyle = Automatic;
						TestTargetID = 4C36B4AB1D97CC8E00E61FBF;
					};
				};
			};
			buildConfigurationList = 4C36B4A71D97CC8E00E61FBF /* Build configuration list for PBXProject "testCarthage" */;
			compatibilityVersion = "Xcode 3.2";
			developmentRegion = English;
			hasScannedForEncodings = 0;
			knownRegions = (
				en,
				Base,
			);
			mainGroup = 4C36B4A31D97CC8E00E61FBF;
			productRefGroup = 4C36B4AD1D97CC8E00E61FBF /* Products */;
			projectDirPath = "";
			projectRoot = "";
			targets = (
				4C36B4AB1D97CC8E00E61FBF /* testCarthage */,
				4C36B4BF1D97CC8F00E61FBF /* testCarthageTests */,
				4C36B4CA1D97CC8F00E61FBF /* testCarthageUITests */,
			);
		};
/* End PBXProject section */

/* Begin PBXResourcesBuildPhase section */
		4C36B4AA1D97CC8E00E61FBF /* Resources */ = {
			isa = PBXResourcesBuildPhase;
			buildActionMask = 2147483647;
			files = (
				4C36B4BA1D97CC8E00E61FBF /* LaunchScreen.storyboard in Resources */,
				4C36B4B71D97CC8E00E61FBF /* Assets.xcassets in Resources */,
				4C36B4B51D97CC8E00E61FBF /* Main.storyboard in Resources */,
			);
			runOnlyForDeploymentPostprocessing = 0;
		};
		4C36B4BE1D97CC8F00E61FBF /* Resources */ = {
			isa = PBXResourcesBuildPhase;
			buildActionMask = 2147483647;
			files = (
			);
			runOnlyForDeploymentPostprocessing = 0;
		};
		4C36B4C91D97CC8F00E61FBF /* Resources */ = {
			isa = PBXResourcesBuildPhase;
			buildActionMask = 2147483647;
			files = (
			);
			runOnlyForDeploymentPostprocessing = 0;
		};
/* End PBXResourcesBuildPhase section */

/* Begin PBXSourcesBuildPhase section */
		4C36B4A81D97CC8E00E61FBF /* Sources */ = {
			isa = PBXSourcesBuildPhase;
			buildActionMask = 2147483647;
			files = (
				4C36B4B21D97CC8E00E61FBF /* ViewController.swift in Sources */,
				4C36B4B01D97CC8E00E61FBF /* AppDelegate.swift in Sources */,
			);
			runOnlyForDeploymentPostprocessing = 0;
		};
		4C36B4BC1D97CC8F00E61FBF /* Sources */ = {
			isa = PBXSourcesBuildPhase;
			buildActionMask = 2147483647;
			files = (
				4C36B4C51D97CC8F00E61FBF /* testCarthageTests.swift in Sources */,
			);
			runOnlyForDeploymentPostprocessing = 0;
		};
		4C36B4C71D97CC8F00E61FBF /* Sources */ = {
			isa = PBXSourcesBuildPhase;
			buildActionMask = 2147483647;
			files = (
				4C36B4D01D97CC8F00E61FBF /* testCarthageUITests.swift in Sources */,
			);
			runOnlyForDeploymentPostprocessing = 0;
		};
/* End PBXSourcesBuildPhase section */

/* Begin PBXTargetDependency section */
		4C36B4C21D97CC8F00E61FBF /* PBXTargetDependency */ = {
			isa = PBXTargetDependency;
			target = 4C36B4AB1D97CC8E00E61FBF /* testCarthage */;
			targetProxy = 4C36B4C11D97CC8F00E61FBF /* PBXContainerItemProxy */;
		};
		4C36B4CD1D97CC8F00E61FBF /* PBXTargetDependency */ = {
			isa = PBXTargetDependency;
			target = 4C36B4AB1D97CC8E00E61FBF /* testCarthage */;
			targetProxy = 4C36B4CC1D97CC8F00E61FBF /* PBXContainerItemProxy */;
		};
/* End PBXTargetDependency section */

/* Begin PBXVariantGroup section */
		4C36B4B31D97CC8E00E61FBF /* Main.storyboard */ = {
			isa = PBXVariantGroup;
			children = (
				4C36B4B41D97CC8E00E61FBF /* Base */,
			);
			name = Main.storyboard;
			sourceTree = "<group>";
		};
		4C36B4B81D97CC8E00E61FBF /* LaunchScreen.storyboard */ = {
			isa = PBXVariantGroup;
			children = (
				4C36B4B91D97CC8E00E61FBF /* Base */,
			);
			name = LaunchScreen.storyboard;
			sourceTree = "<group>";
		};
/* End PBXVariantGroup section */

/* Begin XCBuildConfiguration section */
		4C36B4D21D97CC8F00E61FBF /* Debug */ = {
			isa = XCBuildConfiguration;
			buildSettings = {
				ALWAYS_SEARCH_USER_PATHS = NO;
				CLANG_ANALYZER_NONNULL = YES;
				CLANG_CXX_LANGUAGE_STANDARD = "gnu++0x";
				CLANG_CXX_LIBRARY = "libc++";
				CLANG_ENABLE_MODULES = YES;
				CLANG_ENABLE_OBJC_ARC = YES;
				CLANG_WARN_BOOL_CONVERSION = YES;
				CLANG_WARN_CONSTANT_CONVERSION = YES;
				CLANG_WARN_DIRECT_OBJC_ISA_USAGE = YES_ERROR;
				CLANG_WARN_DOCUMENTATION_COMMENTS = YES;
				CLANG_WARN_EMPTY_BODY = YES;
				CLANG_WARN_ENUM_CONVERSION = YES;
				CLANG_WARN_INFINITE_RECURSION = YES;
				CLANG_WARN_INT_CONVERSION = YES;
				CLANG_WARN_OBJC_ROOT_CLASS = YES_ERROR;
				CLANG_WARN_SUSPICIOUS_MOVES = YES;
				CLANG_WARN_UNREACHABLE_CODE = YES;
				CLANG_WARN__DUPLICATE_METHOD_MATCH = YES;
				"CODE_SIGN_IDENTITY[sdk=iphoneos*]" = "iPhone Developer";
				COPY_PHASE_STRIP = NO;
				DEBUG_INFORMATION_FORMAT = dwarf;
				ENABLE_STRICT_OBJC_MSGSEND = YES;
				ENABLE_TESTABILITY = YES;
				GCC_C_LANGUAGE_STANDARD = gnu99;
				GCC_DYNAMIC_NO_PIC = NO;
				GCC_NO_COMMON_BLOCKS = YES;
				GCC_OPTIMIZATION_LEVEL = 0;
				GCC_PREPROCESSOR_DEFINITIONS = (
					"DEBUG=1",
					"$(inherited)",
				);
				GCC_WARN_64_TO_32_BIT_CONVERSION = YES;
				GCC_WARN_ABOUT_RETURN_TYPE = YES_ERROR;
				GCC_WARN_UNDECLARED_SELECTOR = YES;
				GCC_WARN_UNINITIALIZED_AUTOS = YES_AGGRESSIVE;
				GCC_WARN_UNUSED_FUNCTION = YES;
				GCC_WARN_UNUSED_VARIABLE = YES;
				IPHONEOS_DEPLOYMENT_TARGET = 10.0;
				MTL_ENABLE_DEBUG_INFO = YES;
				ONLY_ACTIVE_ARCH = YES;
				SDKROOT = iphoneos;
				SWIFT_ACTIVE_COMPILATION_CONDITIONS = DEBUG;
				SWIFT_OPTIMIZATION_LEVEL = "-Onone";
			};
			name = Debug;
		};
		4C36B4D31D97CC8F00E61FBF /* Release */ = {
			isa = XCBuildConfiguration;
			buildSettings = {
				ALWAYS_SEARCH_USER_PATHS = NO;
				CLANG_ANALYZER_NONNULL = YES;
				CLANG_CXX_LANGUAGE_STANDARD = "gnu++0x";
				CLANG_CXX_LIBRARY = "libc++";
				CLANG_ENABLE_MODULES = YES;
				CLANG_ENABLE_OBJC_ARC = YES;
				CLANG_WARN_BOOL_CONVERSION = YES;
				CLANG_WARN_CONSTANT_CONVERSION = YES;
				CLANG_WARN_DIRECT_OBJC_ISA_USAGE = YES_ERROR;
				CLANG_WARN_DOCUMENTATION_COMMENTS = YES;
				CLANG_WARN_EMPTY_BODY = YES;
				CLANG_WARN_ENUM_CONVERSION = YES;
				CLANG_WARN_INFINITE_RECURSION = YES;
				CLANG_WARN_INT_CONVERSION = YES;
				CLANG_WARN_OBJC_ROOT_CLASS = YES_ERROR;
				CLANG_WARN_SUSPICIOUS_MOVES = YES;
				CLANG_WARN_UNREACHABLE_CODE = YES;
				CLANG_WARN__DUPLICATE_METHOD_MATCH = YES;
				"CODE_SIGN_IDENTITY[sdk=iphoneos*]" = "iPhone Developer";
				COPY_PHASE_STRIP = NO;
				DEBUG_INFORMATION_FORMAT = "dwarf-with-dsym";
				ENABLE_NS_ASSERTIONS = NO;
				ENABLE_STRICT_OBJC_MSGSEND = YES;
				GCC_C_LANGUAGE_STANDARD = gnu99;
				GCC_NO_COMMON_BLOCKS = YES;
				GCC_WARN_64_TO_32_BIT_CONVERSION = YES;
				GCC_WARN_ABOUT_RETURN_TYPE = YES_ERROR;
				GCC_WARN_UNDECLARED_SELECTOR = YES;
				GCC_WARN_UNINITIALIZED_AUTOS = YES_AGGRESSIVE;
				GCC_WARN_UNUSED_FUNCTION = YES;
				GCC_WARN_UNUSED_VARIABLE = YES;
				IPHONEOS_DEPLOYMENT_TARGET = 10.0;
				MTL_ENABLE_DEBUG_INFO = NO;
				SDKROOT = iphoneos;
				SWIFT_OPTIMIZATION_LEVEL = "-Owholemodule";
				VALIDATE_PRODUCT = YES;
			};
			name = Release;
		};
		4C36B4D51D97CC8F00E61FBF /* Debug */ = {
			isa = XCBuildConfiguration;
			buildSettings = {
				ASSETCATALOG_COMPILER_APPICON_NAME = AppIcon;
				INFOPLIST_FILE = testCarthage/Info.plist;
				LD_RUNPATH_SEARCH_PATHS = "$(inherited) @executable_path/Frameworks";
				PRODUCT_BUNDLE_IDENTIFIER = bluekernel.testCarthage;
				PRODUCT_NAME = "$(TARGET_NAME)";
				SWIFT_VERSION = 3.0;
			};
			name = Debug;
		};
		4C36B4D61D97CC8F00E61FBF /* Release */ = {
			isa = XCBuildConfiguration;
			buildSettings = {
				ASSETCATALOG_COMPILER_APPICON_NAME = AppIcon;
				INFOPLIST_FILE = testCarthage/Info.plist;
				LD_RUNPATH_SEARCH_PATHS = "$(inherited) @executable_path/Frameworks";
				PRODUCT_BUNDLE_IDENTIFIER = bluekernel.testCarthage;
				PRODUCT_NAME = "$(TARGET_NAME)";
				SWIFT_VERSION = 3.0;
			};
			name = Release;
		};
		4C36B4D81D97CC8F00E61FBF /* Debug */ = {
			isa = XCBuildConfiguration;
			buildSettings = {
				ALWAYS_EMBED_SWIFT_STANDARD_LIBRARIES = YES;
				BUNDLE_LOADER = "$(TEST_HOST)";
				INFOPLIST_FILE = testCarthageTests/Info.plist;
				LD_RUNPATH_SEARCH_PATHS = "$(inherited) @executable_path/Frameworks @loader_path/Frameworks";
				PRODUCT_BUNDLE_IDENTIFIER = bluekernel.testCarthageTests;
				PRODUCT_NAME = "$(TARGET_NAME)";
				SWIFT_VERSION = 3.0;
				TEST_HOST = "$(BUILT_PRODUCTS_DIR)/testCarthage.app/testCarthage";
			};
			name = Debug;
		};
		4C36B4D91D97CC8F00E61FBF /* Release */ = {
			isa = XCBuildConfiguration;
			buildSettings = {
				ALWAYS_EMBED_SWIFT_STANDARD_LIBRARIES = YES;
				BUNDLE_LOADER = "$(TEST_HOST)";
				INFOPLIST_FILE = testCarthageTests/Info.plist;
				LD_RUNPATH_SEARCH_PATHS = "$(inherited) @executable_path/Frameworks @loader_path/Frameworks";
				PRODUCT_BUNDLE_IDENTIFIER = bluekernel.testCarthageTests;
				PRODUCT_NAME = "$(TARGET_NAME)";
				SWIFT_VERSION = 3.0;
				TEST_HOST = "$(BUILT_PRODUCTS_DIR)/testCarthage.app/testCarthage";
			};
			name = Release;
		};
		4C36B4DB1D97CC8F00E61FBF /* Debug */ = {
			isa = XCBuildConfiguration;
			buildSettings = {
				ALWAYS_EMBED_SWIFT_STANDARD_LIBRARIES = YES;
				INFOPLIST_FILE = testCarthageUITests/Info.plist;
				LD_RUNPATH_SEARCH_PATHS = "$(inherited) @executable_path/Frameworks @loader_path/Frameworks";
				PRODUCT_BUNDLE_IDENTIFIER = bluekernel.testCarthageUITests;
				PRODUCT_NAME = "$(TARGET_NAME)";
				SWIFT_VERSION = 3.0;
				TEST_TARGET_NAME = testCarthage;
			};
			name = Debug;
		};
		4C36B4DC1D97CC8F00E61FBF /* Release */ = {
			isa = XCBuildConfiguration;
			buildSettings = {
				ALWAYS_EMBED_SWIFT_STANDARD_LIBRARIES = YES;
				INFOPLIST_FILE = testCarthageUITests/Info.plist;
				LD_RUNPATH_SEARCH_PATHS = "$(inherited) @executable_path/Frameworks @loader_path/Frameworks";
				PRODUCT_BUNDLE_IDENTIFIER = bluekernel.testCarthageUITests;
				PRODUCT_NAME = "$(TARGET_NAME)";
				SWIFT_VERSION = 3.0;
				TEST_TARGET_NAME = testCarthage;
			};
			name = Release;
		};
/* End XCBuildConfiguration section */

/* Begin XCConfigurationList section */
		4C36B4A71D97CC8E00E61FBF /* Build configuration list for PBXProject "testCarthage" */ = {
			isa = XCConfigurationList;
			buildConfigurations = (
				4C36B4D21D97CC8F00E61FBF /* Debug */,
				4C36B4D31D97CC8F00E61FBF /* Release */,
			);
			defaultConfigurationIsVisible = 0;
			defaultConfigurationName = Release;
		};
		4C36B4D41D97CC8F00E61FBF /* Build configuration list for PBXNativeTarget "testCarthage" */ = {
			isa = XCConfigurationList;
			buildConfigurations = (
				4C36B4D51D97CC8F00E61FBF /* Debug */,
				4C36B4D61D97CC8F00E61FBF /* Release */,
			);
			defaultConfigurationIsVisible = 0;
		};
		4C36B4D71D97CC8F00E61FBF /* Build configuration list for PBXNativeTarget "testCarthageTests" */ = {
			isa = XCConfigurationList;
			buildConfigurations = (
				4C36B4D81D97CC8F00E61FBF /* Debug */,
				4C36B4D91D97CC8F00E61FBF /* Release */,
			);
			defaultConfigurationIsVisible = 0;
		};
		4C36B4DA1D97CC8F00E61FBF /* Build configuration list for PBXNativeTarget "testCarthageUITests" */ = {
			isa = XCConfigurationList;
			buildConfigurations = (
				4C36B4DB1D97CC8F00E61FBF /* Debug */,
				4C36B4DC1D97CC8F00E61FBF /* Release */,
			);
			defaultConfigurationIsVisible = 0;
		};
/* End XCConfigurationList section */
	};
	rootObject = 4C36B4A41D97CC8E00E61FBF /* Project object */;
}
